
Microsoft Visual Studio Solution File, Format Version 12.00
# Visual Studio 15
VisualStudioVersion = 15.0.27130.2010
MinimumVisualStudioVersion = 10.0.40219.1
Project("{FAE04EC0-301F-11D3-BF4B-00C04F79EFBC}") = "ProPayAffiliateTemplate", "ProPayAffiliateTemplate\ProPayAffiliateTemplate.csproj", "{1407B877-CC9F-4020-9096-24E7448E4C85}"
EndProject
Global
	GlobalSection(SolutionConfigurationPlatforms) = preSolution
		Debug|Any CPU = Debug|Any CPU
		Release|Any CPU = Release|Any CPU
	EndGlobalSection
	GlobalSection(ProjectConfigurationPlatforms) = postSolution
		{1407B877-CC9F-4020-9096-24E7448E4C85}.Debug|Any CPU.ActiveCfg = Debug|Any CPU
		{1407B877-CC9F-4020-9096-24E7448E4C85}.Debug|Any CPU.Build.0 = Debug|Any CPU
		{1407B877-CC9F-4020-9096-24E7448E4C85}.Release|Any CPU.ActiveCfg = Release|Any CPU
		{1407B877-CC9F-4020-9096-24E7448E4C85}.Release|Any CPU.Build.0 = Release|Any CPU
	EndGlobalSection
	GlobalSection(SolutionProperties) = preSolution
		HideSolutionNode = FALSE
	EndGlobalSection
	GlobalSection(ExtensibilityGlobals) = postSolution
		SolutionGuid = {67B69A21-49CE-44F8-BFD0-29B740BE1317}
	EndGlobalSection
EndGlobal
